// !$*UTF8*$!
{
	archiveVersion = 1;
	classes = {
	};
	objectVersion = 46;
	objects = {

/* Begin PBXBuildFile section */
		721BCEC61D82876400BF890A /* picture.jpg in Resources */ = {isa = PBXBuildFile; fileRef = 721BCEC51D82876400BF890A /* picture.jpg */; };
		7234FA1D1D75B5090014E384 /* AppDelegate.swift in Sources */ = {isa = PBXBuildFile; fileRef = 7234FA1C1D75B5090014E384 /* AppDelegate.swift */; };
		7234FA1F1D75B5090014E384 /* ViewController.swift in Sources */ = {isa = PBXBuildFile; fileRef = 7234FA1E1D75B5090014E384 /* ViewController.swift */; };
		7234FA221D75B5090014E384 /* Main.storyboard in Resources */ = {isa = PBXBuildFile; fileRef = 7234FA201D75B5090014E384 /* Main.storyboard */; };
		7234FA241D75B5090014E384 /* Assets.xcassets in Resources */ = {isa = PBXBuildFile; fileRef = 7234FA231D75B5090014E384 /* Assets.xcassets */; };
		7234FA271D75B5090014E384 /* LaunchScreen.storyboard in Resources */ = {isa = PBXBuildFile; fileRef = 7234FA251D75B5090014E384 /* LaunchScreen.storyboard */; };
/* End PBXBuildFile section */

/* Begin PBXFileReference section */
		721BCEC51D82876400BF890A /* picture.jpg */ = {isa = PBXFileReference; lastKnownFileType = image.jpeg; path = picture.jpg; sourceTree = "<group>"; };
		7234FA191D75B5090014E384 /* Filters.app */ = {isa = PBXFileReference; explicitFileType = wrapper.application; includeInIndex = 0; path = Filters.app; sourceTree = BUILT_PRODUCTS_DIR; };
		7234FA1C1D75B5090014E384 /* AppDelegate.swift */ = {isa = PBXFileReference; lastKnownFileType = sourcecode.swift; path = AppDelegate.swift; sourceTree = "<group>"; };
		7234FA1E1D75B5090014E384 /* ViewController.swift */ = {isa = PBXFileReference; lastKnownFileType = sourcecode.swift; path = ViewController.swift; sourceTree = "<group>"; };
		7234FA211D75B5090014E384 /* Base */ = {isa = PBXFileReference; lastKnownFileType = file.storyboard; name = Base; path = Base.lproj/Main.storyboard; sourceTree = "<group>"; };
		7234FA231D75B5090014E384 /* Assets.xcassets */ = {isa = PBXFileReference; lastKnownFileType = folder.assetcatalog; path = Assets.xcassets; sourceTree = "<group>"; };
		7234FA261D75B5090014E384 /* Base */ = {isa = PBXFileReference; lastKnownFileType = file.storyboard; name = Base; path = Base.lproj/LaunchScreen.storyboard; sourceTree = "<group>"; };
		7234FA281D75B5090014E384 /* Info.plist */ = {isa = PBXFileReference; lastKnownFileType = text.plist.xml; path = Info.plist; sourceTree = "<group>"; };
/* End PBXFileReference section */

/* Begin PBXFrameworksBuildPhase section */
		7234FA161D75B5090014E384 /* Frameworks */ = {
			isa = PBXFrameworksBuildPhase;
			buildActionMask = 2147483647;
			files = (
			);
			runOnlyForDeploymentPostprocessing = 0;
		};
/* End PBXFrameworksBuildPhase section */

/* Begin PBXGroup section */
		7234FA101D75B5090014E384 = {
			isa = PBXGroup;
			children = (
				7234FA1B1D75B5090014E384 /* Filters */,
				7234FA1A1D75B5090014E384 /* Products */,
			);
			sourceTree = "<group>";
		};
		7234FA1A1D75B5090014E384 /* Products */ = {
			isa = PBXGroup;
			children = (
				7234FA191D75B5090014E384 /* Filters.app */,
			);
			name = Products;
			sourceTree = "<group>";
		};
		7234FA1B1D75B5090014E384 /* Filters */ = {
			isa = PBXGroup;
			children = (
				7234FA1C1D75B5090014E384 /* AppDelegate.swift */,
				7234FA201D75B5090014E384 /* Main.storyboard */,
				7234FA1E1D75B5090014E384 /* ViewController.swift */,
				7234FA231D75B5090014E384 /* Assets.xcassets */,
				721BCEC51D82876400BF890A /* picture.jpg */,
				7234FA251D75B5090014E384 /* LaunchScreen.storyboard */,
				7234FA281D75B5090014E384 /* Info.plist */,
			);
			path = Filters;
			sourceTree = "<group>";
		};
/* End PBXGroup section */

/* Begin PBXNativeTarget section */
		7234FA181D75B5090014E384 /* Filters */ = {
			isa = PBXNativeTarget;
			buildConfigurationList = 7234FA2B1D75B5090014E384 /* Build configuration list for PBXNativeTarget "Filters" */;
			buildPhases = (
				7234FA151D75B5090014E384 /* Sources */,
				7234FA161D75B5090014E384 /* Frameworks */,
				7234FA171D75B5090014E384 /* Resources */,
			);
			buildRules = (
			);
			dependencies = (
			);
			name = Filters;
			productName = Filters;
			productReference = 7234FA191D75B5090014E384 /* Filters.app */;
			productType = "com.apple.product-type.application";
		};
/* End PBXNativeTarget section */

/* Begin PBXProject section */
		7234FA111D75B5090014E384 /* Project object */ = {
			isa = PBXProject;
			attributes = {
				LastSwiftUpdateCheck = 0730;
				LastUpgradeCheck = 0820;
				ORGANIZATIONNAME = "FV iMAGINATION";
				TargetAttributes = {
					7234FA181D75B5090014E384 = {
						CreatedOnToolsVersion = 7.3;
						DevelopmentTeam = S224WD5FPF;
						LastSwiftMigration = 0820;
					};
				};
			};
			buildConfigurationList = 7234FA141D75B5090014E384 /* Build configuration list for PBXProject "Filters" */;
			compatibilityVersion = "Xcode 3.2";
			developmentRegion = English;
			hasScannedForEncodings = 0;
			knownRegions = (
				en,
				Base,
			);
			mainGroup = 7234FA101D75B5090014E384;
			productRefGroup = 7234FA1A1D75B5090014E384 /* Products */;
			projectDirPath = "";
			projectRoot = "";
			targets = (
				7234FA181D75B5090014E384 /* Filters */,
			);
		};
/* End PBXProject section */

/* Begin PBXResourcesBuildPhase section */
		7234FA171D75B5090014E384 /* Resources */ = {
			isa = PBXResourcesBuildPhase;
			buildActionMask = 2147483647;
			files = (
				7234FA271D75B5090014E384 /* LaunchScreen.storyboard in Resources */,
				721BCEC61D82876400BF890A /* picture.jpg in Resources */,
				7234FA241D75B5090014E384 /* Assets.xcassets in Resources */,
				7234FA221D75B5090014E384 /* Main.storyboard in Resources */,
			);
			runOnlyForDeploymentPostprocessing = 0;
		};
/* End PBXResourcesBuildPhase section */

/* Begin PBXSourcesBuildPhase section */
		7234FA151D75B5090014E384 /* Sources */ = {
			isa = PBXSourcesBuildPhase;
			buildActionMask = 2147483647;
			files = (
				7234FA1F1D75B5090014E384 /* ViewController.swift in Sources */,
				7234FA1D1D75B5090014E384 /* AppDelegate.swift in Sources */,
			);
			runOnlyForDeploymentPostprocessing = 0;
		};
/* End PBXSourcesBuildPhase section */

/* Begin PBXVariantGroup section */
		7234FA201D75B5090014E384 /* Main.storyboard */ = {
			isa = PBXVariantGroup;
			children = (
				7234FA211D75B5090014E384 /* Base */,
			);
			name = Main.storyboard;
			sourceTree = "<group>";
		};
		7234FA251D75B5090014E384 /* LaunchScreen.storyboard */ = {
			isa = PBXVariantGroup;
			children = (
				7234FA261D75B5090014E384 /* Base */,
			);
			name = LaunchScreen.storyboard;
			sourceTree = "<group>";
		};
/* End PBXVariantGroup section */

/* Begin XCBuildConfiguration section */
		7234FA291D75B5090014E384 /* Debug */ = {
			isa = XCBuildConfiguration;
			buildSettings = {
				ALWAYS_SEARCH_USER_PATHS = NO;
				CLANG_ANALYZER_NONNULL = YES;
				CLANG_CXX_LANGUAGE_STANDARD = "gnu++0x";
				CLANG_CXX_LIBRARY = "libc++";
				CLANG_ENABLE_MODULES = YES;
				CLANG_ENABLE_OBJC_ARC = YES;
				CLANG_WARN_BOOL_CONVERSION = YES;
				CLANG_WARN_CONSTANT_CONVERSION = YES;
				CLANG_WARN_DIRECT_OBJC_ISA_USAGE = YES_ERROR;
				CLANG_WARN_EMPTY_BODY = YES;
				CLANG_WARN_ENUM_CONVERSION = YES;
				CLANG_WARN_INFINITE_RECURSION = YES;
				CLANG_WARN_INT_CONVERSION = YES;
				CLANG_WARN_OBJC_ROOT_CLASS = YES_ERROR;
				CLANG_WARN_SUSPICIOUS_MOVE = YES;
				CLANG_WARN_UNREACHABLE_CODE = YES;
				CLANG_WARN__DUPLICATE_METHOD_MATCH = YES;
				"CODE_SIGN_IDENTITY[sdk=iphoneos*]" = "iPhone Developer";
				COPY_PHASE_STRIP = NO;
				DEBUG_INFORMATION_FORMAT = dwarf;
				ENABLE_STRICT_OBJC_MSGSEND = YES;
				ENABLE_TESTABILITY = YES;
				GCC_C_LANGUAGE_STANDARD = gnu99;
				GCC_DYNAMIC_NO_PIC = NO;
				GCC_NO_COMMON_BLOCKS = YES;
				GCC_OPTIMIZATION_LEVEL = 0;
				GCC_PREPROCESSOR_DEFINITIONS = (
					"DEBUG=1",
					"$(inherited)",
				);
				GCC_WARN_64_TO_32_BIT_CONVERSION = YES;
				GCC_WARN_ABOUT_RETURN_TYPE = YES_ERROR;
				GCC_WARN_UNDECLARED_SELECTOR = YES;
				GCC_WARN_UNINITIALIZED_AUTOS = YES_AGGRESSIVE;
				GCC_WARN_UNUSED_FUNCTION = YES;
				GCC_WARN_UNUSED_VARIABLE = YES;
				IPHONEOS_DEPLOYMENT_TARGET = 9.3;
				MTL_ENABLE_DEBUG_INFO = YES;
				ONLY_ACTIVE_ARCH = YES;
				SDKROOT = iphoneos;
				SWIFT_OPTIMIZATION_LEVEL = "-Onone";
				TARGETED_DEVICE_FAMILY = "1,2";
			};
			name = Debug;
		};
		7234FA2A1D75B5090014E384 /* Release */ = {
			isa = XCBuildConfiguration;
			buildSettings = {
				ALWAYS_SEARCH_USER_PATHS = NO;
				CLANG_ANALYZER_NONNULL = YES;
				CLANG_CXX_LANGUAGE_STANDARD = "gnu++0x";
				CLANG_CXX_LIBRARY = "libc++";
				CLANG_ENABLE_MODULES = YES;
				CLANG_ENABLE_OBJC_ARC = YES;
				CLANG_WARN_BOOL_CONVERSION = YES;
				CLANG_WARN_CONSTANT_CONVERSION = YES;
				CLANG_WARN_DIRECT_OBJC_ISA_USAGE = YES_ERROR;
				CLANG_WARN_EMPTY_BODY = YES;
				CLANG_WARN_ENUM_CONVERSION = YES;
				CLANG_WARN_INFINITE_RECURSION = YES;
				CLANG_WARN_INT_CONVERSION = YES;
				CLANG_WARN_OBJC_ROOT_CLASS = YES_ERROR;
				CLANG_WARN_SUSPICIOUS_MOVE = YES;
				CLANG_WARN_UNREACHABLE_CODE = YES;
				CLANG_WARN__DUPLICATE_METHOD_MATCH = YES;
				"CODE_SIGN_IDENTITY[sdk=iphoneos*]" = "iPhone Developer";
				COPY_PHASE_STRIP = NO;
				DEBUG_INFORMATION_FORMAT = "dwarf-with-dsym";
				ENABLE_NS_ASSERTIONS = NO;
				ENABLE_STRICT_OBJC_MSGSEND = YES;
				GCC_C_LANGUAGE_STANDARD = gnu99;
				GCC_NO_COMMON_BLOCKS = YES;
				GCC_WARN_64_TO_32_BIT_CONVERSION = YES;
				GCC_WARN_ABOUT_RETURN_TYPE = YES_ERROR;
				GCC_WARN_UNDECLARED_SELECTOR = YES;
				GCC_WARN_UNINITIALIZED_AUTOS = YES_AGGRESSIVE;
				GCC_WARN_UNUSED_FUNCTION = YES;
				GCC_WARN_UNUSED_VARIABLE = YES;
				IPHONEOS_DEPLOYMENT_TARGET = 9.3;
				MTL_ENABLE_DEBUG_INFO = NO;
				SDKROOT = iphoneos;
				SWIFT_OPTIMIZATION_LEVEL = "-Owholemodule";
				TARGETED_DEVICE_FAMILY = "1,2";
				VALIDATE_PRODUCT = YES;
			};
			name = Release;
		};
		7234FA2C1D75B5090014E384 /* Debug */ = {
			isa = XCBuildConfiguration;
			buildSettings = {
				ASSETCATALOG_COMPILER_APPICON_NAME = AppIcon;
				DEVELOPMENT_TEAM = S224WD5FPF;
				INFOPLIST_FILE = Filters/Info.plist;
				IPHONEOS_DEPLOYMENT_TARGET = 8.0;
				LD_RUNPATH_SEARCH_PATHS = "$(inherited) @executable_path/Frameworks";
				PRODUCT_BUNDLE_IDENTIFIER = edu.niu.cs.Filters;
				PRODUCT_NAME = "$(TARGET_NAME)";
				SWIFT_VERSION = 3.0;
				TARGETED_DEVICE_FAMILY = 1;
			};
			name = Debug;
		};
		7234FA2D1D75B5090014E384 /* Release */ = {
			isa = XCBuildConfiguration;
			buildSettings = {
				ASSETCATALOG_COMPILER_APPICON_NAME = AppIcon;
				DEVELOPMENT_TEAM = S224WD5FPF;
				INFOPLIST_FILE = Filters/Info.plist;
				IPHONEOS_DEPLOYMENT_TARGET = 8.0;
				LD_RUNPATH_SEARCH_PATHS = "$(inherited) @executable_path/Frameworks";
				PRODUCT_BUNDLE_IDENTIFIER = edu.niu.cs.Filters;
				PRODUCT_NAME = "$(TARGET_NAME)";
				SWIFT_VERSION = 3.0;
				TARGETED_DEVICE_FAMILY = 1;
			};
			name = Release;
		};
/* End XCBuildConfiguration section */

/* Begin XCConfigurationList section */
		7234FA141D75B5090014E384 /* Build configuration list for PBXProject "Filters" */ = {
			isa = XCConfigurationList;
			buildConfigurations = (
				7234FA291D75B5090014E384 /* Debug */,
				7234FA2A1D75B5090014E384 /* Release */,
			);
			defaultConfigurationIsVisible = 0;
			defaultConfigurationName = Release;
		};
		7234FA2B1D75B5090014E384 /* Build configuration list for PBXNativeTarget "Filters" */ = {
			isa = XCConfigurationList;
			buildConfigurations = (
				7234FA2C1D75B5090014E384 /* Debug */,
				7234FA2D1D75B5090014E384 /* Release */,
			);
			defaultConfigurationIsVisible = 0;
			defaultConfigurationName = Release;
		};
/* End XCConfigurationList section */
	};
	rootObject = 7234FA111D75B5090014E384 /* Project object */;
}
